
Microsoft Visual Studio Solution File, Format Version 12.00
# Visual Studio Version 17
VisualStudioVersion = 17.14.36414.22 d17.14
MinimumVisualStudioVersion = 10.0.40219.1
Project("{FAE04EC0-301F-11D3-BF4B-00C04F79EFBC}") = "DirtBikeServer", "DirtBikeServer\DirtBikeServer.csproj", "{BE5DC323-4864-48EC-9F40-693B67AEA900}"
EndProject
Global
	GlobalSection(SolutionConfigurationPlatforms) = preSolution
		Debug|Any CPU = Debug|Any CPU
		Release|Any CPU = Release|Any CPU
	EndGlobalSection
	GlobalSection(ProjectConfigurationPlatforms) = postSolution
		{BE5DC323-4864-48EC-9F40-693B67AEA900}.Debug|Any CPU.ActiveCfg = Debug|Any CPU
		{BE5DC323-4864-48EC-9F40-693B67AEA900}.Debug|Any CPU.Build.0 = Debug|Any CPU
		{BE5DC323-4864-48EC-9F40-693B67AEA900}.Release|Any CPU.ActiveCfg = Release|Any CPU
		{BE5DC323-4864-48EC-9F40-693B67AEA900}.Release|Any CPU.Build.0 = Release|Any CPU
	EndGlobalSection
	GlobalSection(SolutionProperties) = preSolution
		HideSolutionNode = FALSE
	EndGlobalSection
	GlobalSection(ExtensibilityGlobals) = postSolution
		SolutionGuid = {23195CB3-7523-4B65-B458-3B4EAD07990C}
	EndGlobalSection
EndGlobal
